
Microsoft Visual Studio Solution File, Format Version 12.00
# Visual Studio Version 17
VisualStudioVersion = 17.5.002.0
MinimumVisualStudioVersion = 10.0.40219.1
Project("{9A19103F-16F7-4668-BE54-9A1E7A4F7556}") = "C# 알고리즘", "C# 알고리즘.csproj", "{F2DF22E1-B63D-4EEF-9EEA-8E0D2BE5DB0D}"
EndProject
Global
	GlobalSection(SolutionConfigurationPlatforms) = preSolution
		Debug|Any CPU = Debug|Any CPU
		Release|Any CPU = Release|Any CPU
	EndGlobalSection
	GlobalSection(ProjectConfigurationPlatforms) = postSolution
		{F2DF22E1-B63D-4EEF-9EEA-8E0D2BE5DB0D}.Debug|Any CPU.ActiveCfg = Debug|Any CPU
		{F2DF22E1-B63D-4EEF-9EEA-8E0D2BE5DB0D}.Debug|Any CPU.Build.0 = Debug|Any CPU
		{F2DF22E1-B63D-4EEF-9EEA-8E0D2BE5DB0D}.Release|Any CPU.ActiveCfg = Release|Any CPU
		{F2DF22E1-B63D-4EEF-9EEA-8E0D2BE5DB0D}.Release|Any CPU.Build.0 = Release|Any CPU
	EndGlobalSection
	GlobalSection(SolutionProperties) = preSolution
		HideSolutionNode = FALSE
	EndGlobalSection
	GlobalSection(ExtensibilityGlobals) = postSolution
		SolutionGuid = {2D927FF8-A0E1-43CD-BBE9-4C882A45D89B}
	EndGlobalSection
EndGlobal
